// !$*UTF8*$!
{
	archiveVersion = 1;
	classes = {
	};
	objectVersion = 48;
	objects = {

/* Begin PBXBuildFile section */
		CFD109C1204FE06B00C14FC4 /* AppDelegate.swift in Sources */ = {isa = PBXBuildFile; fileRef = CFD109C0204FE06B00C14FC4 /* AppDelegate.swift */; };
		CFD109C3204FE06B00C14FC4 /* ImageViewController.swift in Sources */ = {isa = PBXBuildFile; fileRef = CFD109C2204FE06B00C14FC4 /* ImageViewController.swift */; };
		CFD109C6204FE06B00C14FC4 /* Main.storyboard in Resources */ = {isa = PBXBuildFile; fileRef = CFD109C4204FE06B00C14FC4 /* Main.storyboard */; };
		CFD109C8204FE06B00C14FC4 /* Assets.xcassets in Resources */ = {isa = PBXBuildFile; fileRef = CFD109C7204FE06B00C14FC4 /* Assets.xcassets */; };
		CFD109CB204FE06B00C14FC4 /* LaunchScreen.storyboard in Resources */ = {isa = PBXBuildFile; fileRef = CFD109C9204FE06B00C14FC4 /* LaunchScreen.storyboard */; };
		CFD109D5204FE26700C14FC4 /* Contentful.swift in Sources */ = {isa = PBXBuildFile; fileRef = CFD109D4204FE26700C14FC4 /* Contentful.swift */; };
		CFD109D8204FE72E00C14FC4 /* Plant.swift in Sources */ = {isa = PBXBuildFile; fileRef = CFD109D7204FE72E00C14FC4 /* Plant.swift */; };
		F2E26CA28E4A6CE1B2D08BEE /* Pods_ContentfulAPITest.framework in Frameworks */ = {isa = PBXBuildFile; fileRef = 4F2F8EE1043D11C8EFE5B9B7 /* Pods_ContentfulAPITest.framework */; };
/* End PBXBuildFile section */

/* Begin PBXFileReference section */
		4F2F8EE1043D11C8EFE5B9B7 /* Pods_ContentfulAPITest.framework */ = {isa = PBXFileReference; explicitFileType = wrapper.framework; includeInIndex = 0; path = Pods_ContentfulAPITest.framework; sourceTree = BUILT_PRODUCTS_DIR; };
		9048EDCEB62087A00916445A /* Pods-ContentfulAPITest.debug.xcconfig */ = {isa = PBXFileReference; includeInIndex = 1; lastKnownFileType = text.xcconfig; name = "Pods-ContentfulAPITest.debug.xcconfig"; path = "Pods/Target Support Files/Pods-ContentfulAPITest/Pods-ContentfulAPITest.debug.xcconfig"; sourceTree = "<group>"; };
		9059C621F9C1FD012D01A814 /* Pods-ContentfulAPITest.release.xcconfig */ = {isa = PBXFileReference; includeInIndex = 1; lastKnownFileType = text.xcconfig; name = "Pods-ContentfulAPITest.release.xcconfig"; path = "Pods/Target Support Files/Pods-ContentfulAPITest/Pods-ContentfulAPITest.release.xcconfig"; sourceTree = "<group>"; };
		CFD109BD204FE06B00C14FC4 /* ContentfulAPITest.app */ = {isa = PBXFileReference; explicitFileType = wrapper.application; includeInIndex = 0; path = ContentfulAPITest.app; sourceTree = BUILT_PRODUCTS_DIR; };
		CFD109C0204FE06B00C14FC4 /* AppDelegate.swift */ = {isa = PBXFileReference; lastKnownFileType = sourcecode.swift; path = AppDelegate.swift; sourceTree = "<group>"; };
		CFD109C2204FE06B00C14FC4 /* ImageViewController.swift */ = {isa = PBXFileReference; lastKnownFileType = sourcecode.swift; path = ImageViewController.swift; sourceTree = "<group>"; };
		CFD109C5204FE06B00C14FC4 /* Base */ = {isa = PBXFileReference; lastKnownFileType = file.storyboard; name = Base; path = Base.lproj/Main.storyboard; sourceTree = "<group>"; };
		CFD109C7204FE06B00C14FC4 /* Assets.xcassets */ = {isa = PBXFileReference; lastKnownFileType = folder.assetcatalog; path = Assets.xcassets; sourceTree = "<group>"; };
		CFD109CA204FE06B00C14FC4 /* Base */ = {isa = PBXFileReference; lastKnownFileType = file.storyboard; name = Base; path = Base.lproj/LaunchScreen.storyboard; sourceTree = "<group>"; };
		CFD109CC204FE06B00C14FC4 /* Info.plist */ = {isa = PBXFileReference; lastKnownFileType = text.plist.xml; path = Info.plist; sourceTree = "<group>"; };
		CFD109D4204FE26700C14FC4 /* Contentful.swift */ = {isa = PBXFileReference; lastKnownFileType = sourcecode.swift; path = Contentful.swift; sourceTree = "<group>"; };
		CFD109D7204FE72E00C14FC4 /* Plant.swift */ = {isa = PBXFileReference; lastKnownFileType = sourcecode.swift; path = Plant.swift; sourceTree = "<group>"; };
/* End PBXFileReference section */

/* Begin PBXFrameworksBuildPhase section */
		CFD109BA204FE06B00C14FC4 /* Frameworks */ = {
			isa = PBXFrameworksBuildPhase;
			buildActionMask = 2147483647;
			files = (
				F2E26CA28E4A6CE1B2D08BEE /* Pods_ContentfulAPITest.framework in Frameworks */,
			);
			runOnlyForDeploymentPostprocessing = 0;
		};
/* End PBXFrameworksBuildPhase section */

/* Begin PBXGroup section */
		094B22A61369BB875B74A31B /* Frameworks */ = {
			isa = PBXGroup;
			children = (
				4F2F8EE1043D11C8EFE5B9B7 /* Pods_ContentfulAPITest.framework */,
			);
			name = Frameworks;
			sourceTree = "<group>";
		};
		9E13FC2CA29C08417682BEEA /* Pods */ = {
			isa = PBXGroup;
			children = (
				9048EDCEB62087A00916445A /* Pods-ContentfulAPITest.debug.xcconfig */,
				9059C621F9C1FD012D01A814 /* Pods-ContentfulAPITest.release.xcconfig */,
			);
			name = Pods;
			sourceTree = "<group>";
		};
		CFD109B4204FE06B00C14FC4 = {
			isa = PBXGroup;
			children = (
				CFD109BF204FE06B00C14FC4 /* ContentfulAPITest */,
				CFD109D6204FE70300C14FC4 /* Model */,
				CFD109BE204FE06B00C14FC4 /* Products */,
				9E13FC2CA29C08417682BEEA /* Pods */,
				094B22A61369BB875B74A31B /* Frameworks */,
			);
			sourceTree = "<group>";
		};
		CFD109BE204FE06B00C14FC4 /* Products */ = {
			isa = PBXGroup;
			children = (
				CFD109BD204FE06B00C14FC4 /* ContentfulAPITest.app */,
			);
			name = Products;
			sourceTree = "<group>";
		};
		CFD109BF204FE06B00C14FC4 /* ContentfulAPITest */ = {
			isa = PBXGroup;
			children = (
				CFD109C0204FE06B00C14FC4 /* AppDelegate.swift */,
				CFD109C2204FE06B00C14FC4 /* ImageViewController.swift */,
				CFD109D4204FE26700C14FC4 /* Contentful.swift */,
				CFD109C4204FE06B00C14FC4 /* Main.storyboard */,
				CFD109C7204FE06B00C14FC4 /* Assets.xcassets */,
				CFD109C9204FE06B00C14FC4 /* LaunchScreen.storyboard */,
				CFD109CC204FE06B00C14FC4 /* Info.plist */,
			);
			path = ContentfulAPITest;
			sourceTree = "<group>";
		};
		CFD109D6204FE70300C14FC4 /* Model */ = {
			isa = PBXGroup;
			children = (
				CFD109D7204FE72E00C14FC4 /* Plant.swift */,
			);
			path = Model;
			sourceTree = "<group>";
		};
/* End PBXGroup section */

/* Begin PBXNativeTarget section */
		CFD109BC204FE06B00C14FC4 /* ContentfulAPITest */ = {
			isa = PBXNativeTarget;
			buildConfigurationList = CFD109CF204FE06B00C14FC4 /* Build configuration list for PBXNativeTarget "ContentfulAPITest" */;
			buildPhases = (
				278327459AB04A5C8487B365 /* [CP] Check Pods Manifest.lock */,
				CFD109B9204FE06B00C14FC4 /* Sources */,
				CFD109BA204FE06B00C14FC4 /* Frameworks */,
				CFD109BB204FE06B00C14FC4 /* Resources */,
				B782B5ABCB818B74942DB6DA /* [CP] Embed Pods Frameworks */,
				BF96194377AD7C9E7F661E34 /* [CP] Copy Pods Resources */,
			);
			buildRules = (
			);
			dependencies = (
			);
			name = ContentfulAPITest;
			productName = ContentfulAPITest;
			productReference = CFD109BD204FE06B00C14FC4 /* ContentfulAPITest.app */;
			productType = "com.apple.product-type.application";
		};
/* End PBXNativeTarget section */

/* Begin PBXProject section */
		CFD109B5204FE06B00C14FC4 /* Project object */ = {
			isa = PBXProject;
			attributes = {
				LastSwiftUpdateCheck = 0920;
				LastUpgradeCheck = 0920;
				ORGANIZATIONNAME = YTK;
				TargetAttributes = {
					CFD109BC204FE06B00C14FC4 = {
						CreatedOnToolsVersion = 9.2;
						ProvisioningStyle = Automatic;
					};
				};
			};
			buildConfigurationList = CFD109B8204FE06B00C14FC4 /* Build configuration list for PBXProject "ContentfulAPITest" */;
			compatibilityVersion = "Xcode 8.0";
			developmentRegion = en;
			hasScannedForEncodings = 0;
			knownRegions = (
				en,
				Base,
			);
			mainGroup = CFD109B4204FE06B00C14FC4;
			productRefGroup = CFD109BE204FE06B00C14FC4 /* Products */;
			projectDirPath = "";
			projectRoot = "";
			targets = (
				CFD109BC204FE06B00C14FC4 /* ContentfulAPITest */,
			);
		};
/* End PBXProject section */

/* Begin PBXResourcesBuildPhase section */
		CFD109BB204FE06B00C14FC4 /* Resources */ = {
			isa = PBXResourcesBuildPhase;
			buildActionMask = 2147483647;
			files = (
				CFD109CB204FE06B00C14FC4 /* LaunchScreen.storyboard in Resources */,
				CFD109C8204FE06B00C14FC4 /* Assets.xcassets in Resources */,
				CFD109C6204FE06B00C14FC4 /* Main.storyboard in Resources */,
			);
			runOnlyForDeploymentPostprocessing = 0;
		};
/* End PBXResourcesBuildPhase section */

/* Begin PBXShellScriptBuildPhase section */
		278327459AB04A5C8487B365 /* [CP] Check Pods Manifest.lock */ = {
			isa = PBXShellScriptBuildPhase;
			buildActionMask = 2147483647;
			files = (
			);
			inputPaths = (
				"${PODS_PODFILE_DIR_PATH}/Podfile.lock",
				"${PODS_ROOT}/Manifest.lock",
			);
			name = "[CP] Check Pods Manifest.lock";
			outputPaths = (
				"$(DERIVED_FILE_DIR)/Pods-ContentfulAPITest-checkManifestLockResult.txt",
			);
			runOnlyForDeploymentPostprocessing = 0;
			shellPath = /bin/sh;
			shellScript = "diff \"${PODS_PODFILE_DIR_PATH}/Podfile.lock\" \"${PODS_ROOT}/Manifest.lock\" > /dev/null\nif [ $? != 0 ] ; then\n    # print error to STDERR\n    echo \"error: The sandbox is not in sync with the Podfile.lock. Run 'pod install' or update your CocoaPods installation.\" >&2\n    exit 1\nfi\n# This output is used by Xcode 'outputs' to avoid re-running this script phase.\necho \"SUCCESS\" > \"${SCRIPT_OUTPUT_FILE_0}\"\n";
			showEnvVarsInLog = 0;
		};
		B782B5ABCB818B74942DB6DA /* [CP] Embed Pods Frameworks */ = {
			isa = PBXShellScriptBuildPhase;
			buildActionMask = 2147483647;
			files = (
			);
			inputPaths = (
				"${SRCROOT}/Pods/Target Support Files/Pods-ContentfulAPITest/Pods-ContentfulAPITest-frameworks.sh",
				"${BUILT_PRODUCTS_DIR}/Contentful/Contentful.framework",
				"${BUILT_PRODUCTS_DIR}/Interstellar/Interstellar.framework",
			);
			name = "[CP] Embed Pods Frameworks";
			outputPaths = (
				"${TARGET_BUILD_DIR}/${FRAMEWORKS_FOLDER_PATH}/Contentful.framework",
				"${TARGET_BUILD_DIR}/${FRAMEWORKS_FOLDER_PATH}/Interstellar.framework",
			);
			runOnlyForDeploymentPostprocessing = 0;
			shellPath = /bin/sh;
			shellScript = "\"${SRCROOT}/Pods/Target Support Files/Pods-ContentfulAPITest/Pods-ContentfulAPITest-frameworks.sh\"\n";
			showEnvVarsInLog = 0;
		};
		BF96194377AD7C9E7F661E34 /* [CP] Copy Pods Resources */ = {
			isa = PBXShellScriptBuildPhase;
			buildActionMask = 2147483647;
			files = (
			);
			inputPaths = (
			);
			name = "[CP] Copy Pods Resources";
			outputPaths = (
			);
			runOnlyForDeploymentPostprocessing = 0;
			shellPath = /bin/sh;
			shellScript = "\"${SRCROOT}/Pods/Target Support Files/Pods-ContentfulAPITest/Pods-ContentfulAPITest-resources.sh\"\n";
			showEnvVarsInLog = 0;
		};
/* End PBXShellScriptBuildPhase section */

/* Begin PBXSourcesBuildPhase section */
		CFD109B9204FE06B00C14FC4 /* Sources */ = {
			isa = PBXSourcesBuildPhase;
			buildActionMask = 2147483647;
			files = (
				CFD109C3204FE06B00C14FC4 /* ImageViewController.swift in Sources */,
				CFD109D5204FE26700C14FC4 /* Contentful.swift in Sources */,
				CFD109D8204FE72E00C14FC4 /* Plant.swift in Sources */,
				CFD109C1204FE06B00C14FC4 /* AppDelegate.swift in Sources */,
			);
			runOnlyForDeploymentPostprocessing = 0;
		};
/* End PBXSourcesBuildPhase section */

/* Begin PBXVariantGroup section */
		CFD109C4204FE06B00C14FC4 /* Main.storyboard */ = {
			isa = PBXVariantGroup;
			children = (
				CFD109C5204FE06B00C14FC4 /* Base */,
			);
			name = Main.storyboard;
			sourceTree = "<group>";
		};
		CFD109C9204FE06B00C14FC4 /* LaunchScreen.storyboard */ = {
			isa = PBXVariantGroup;
			children = (
				CFD109CA204FE06B00C14FC4 /* Base */,
			);
			name = LaunchScreen.storyboard;
			sourceTree = "<group>";
		};
/* End PBXVariantGroup section */

/* Begin XCBuildConfiguration section */
		CFD109CD204FE06B00C14FC4 /* Debug */ = {
			isa = XCBuildConfiguration;
			buildSettings = {
				ALWAYS_SEARCH_USER_PATHS = NO;
				CLANG_ANALYZER_NONNULL = YES;
				CLANG_ANALYZER_NUMBER_OBJECT_CONVERSION = YES_AGGRESSIVE;
				CLANG_CXX_LANGUAGE_STANDARD = "gnu++14";
				CLANG_CXX_LIBRARY = "libc++";
				CLANG_ENABLE_MODULES = YES;
				CLANG_ENABLE_OBJC_ARC = YES;
				CLANG_WARN_BLOCK_CAPTURE_AUTORELEASING = YES;
				CLANG_WARN_BOOL_CONVERSION = YES;
				CLANG_WARN_COMMA = YES;
				CLANG_WARN_CONSTANT_CONVERSION = YES;
				CLANG_WARN_DIRECT_OBJC_ISA_USAGE = YES_ERROR;
				CLANG_WARN_DOCUMENTATION_COMMENTS = YES;
				CLANG_WARN_EMPTY_BODY = YES;
				CLANG_WARN_ENUM_CONVERSION = YES;
				CLANG_WARN_INFINITE_RECURSION = YES;
				CLANG_WARN_INT_CONVERSION = YES;
				CLANG_WARN_NON_LITERAL_NULL_CONVERSION = YES;
				CLANG_WARN_OBJC_LITERAL_CONVERSION = YES;
				CLANG_WARN_OBJC_ROOT_CLASS = YES_ERROR;
				CLANG_WARN_RANGE_LOOP_ANALYSIS = YES;
				CLANG_WARN_STRICT_PROTOTYPES = YES;
				CLANG_WARN_SUSPICIOUS_MOVE = YES;
				CLANG_WARN_UNGUARDED_AVAILABILITY = YES_AGGRESSIVE;
				CLANG_WARN_UNREACHABLE_CODE = YES;
				CLANG_WARN__DUPLICATE_METHOD_MATCH = YES;
				CODE_SIGN_IDENTITY = "iPhone Developer";
				COPY_PHASE_STRIP = NO;
				DEBUG_INFORMATION_FORMAT = dwarf;
				ENABLE_STRICT_OBJC_MSGSEND = YES;
				ENABLE_TESTABILITY = YES;
				GCC_C_LANGUAGE_STANDARD = gnu11;
				GCC_DYNAMIC_NO_PIC = NO;
				GCC_NO_COMMON_BLOCKS = YES;
				GCC_OPTIMIZATION_LEVEL = 0;
				GCC_PREPROCESSOR_DEFINITIONS = (
					"DEBUG=1",
					"$(inherited)",
				);
				GCC_WARN_64_TO_32_BIT_CONVERSION = YES;
				GCC_WARN_ABOUT_RETURN_TYPE = YES_ERROR;
				GCC_WARN_UNDECLARED_SELECTOR = YES;
				GCC_WARN_UNINITIALIZED_AUTOS = YES_AGGRESSIVE;
				GCC_WARN_UNUSED_FUNCTION = YES;
				GCC_WARN_UNUSED_VARIABLE = YES;
				IPHONEOS_DEPLOYMENT_TARGET = 11.2;
				MTL_ENABLE_DEBUG_INFO = YES;
				ONLY_ACTIVE_ARCH = YES;
				SDKROOT = iphoneos;
				SWIFT_ACTIVE_COMPILATION_CONDITIONS = DEBUG;
				SWIFT_OPTIMIZATION_LEVEL = "-Onone";
			};
			name = Debug;
		};
		CFD109CE204FE06B00C14FC4 /* Release */ = {
			isa = XCBuildConfiguration;
			buildSettings = {
				ALWAYS_SEARCH_USER_PATHS = NO;
				CLANG_ANALYZER_NONNULL = YES;
				CLANG_ANALYZER_NUMBER_OBJECT_CONVERSION = YES_AGGRESSIVE;
				CLANG_CXX_LANGUAGE_STANDARD = "gnu++14";
				CLANG_CXX_LIBRARY = "libc++";
				CLANG_ENABLE_MODULES = YES;
				CLANG_ENABLE_OBJC_ARC = YES;
				CLANG_WARN_BLOCK_CAPTURE_AUTORELEASING = YES;
				CLANG_WARN_BOOL_CONVERSION = YES;
				CLANG_WARN_COMMA = YES;
				CLANG_WARN_CONSTANT_CONVERSION = YES;
				CLANG_WARN_DIRECT_OBJC_ISA_USAGE = YES_ERROR;
				CLANG_WARN_DOCUMENTATION_COMMENTS = YES;
				CLANG_WARN_EMPTY_BODY = YES;
				CLANG_WARN_ENUM_CONVERSION = YES;
				CLANG_WARN_INFINITE_RECURSION = YES;
				CLANG_WARN_INT_CONVERSION = YES;
				CLANG_WARN_NON_LITERAL_NULL_CONVERSION = YES;
				CLANG_WARN_OBJC_LITERAL_CONVERSION = YES;
				CLANG_WARN_OBJC_ROOT_CLASS = YES_ERROR;
				CLANG_WARN_RANGE_LOOP_ANALYSIS = YES;
				CLANG_WARN_STRICT_PROTOTYPES = YES;
				CLANG_WARN_SUSPICIOUS_MOVE = YES;
				CLANG_WARN_UNGUARDED_AVAILABILITY = YES_AGGRESSIVE;
				CLANG_WARN_UNREACHABLE_CODE = YES;
				CLANG_WARN__DUPLICATE_METHOD_MATCH = YES;
				CODE_SIGN_IDENTITY = "iPhone Developer";
				COPY_PHASE_STRIP = NO;
				DEBUG_INFORMATION_FORMAT = "dwarf-with-dsym";
				ENABLE_NS_ASSERTIONS = NO;
				ENABLE_STRICT_OBJC_MSGSEND = YES;
				GCC_C_LANGUAGE_STANDARD = gnu11;
				GCC_NO_COMMON_BLOCKS = YES;
				GCC_WARN_64_TO_32_BIT_CONVERSION = YES;
				GCC_WARN_ABOUT_RETURN_TYPE = YES_ERROR;
				GCC_WARN_UNDECLARED_SELECTOR = YES;
				GCC_WARN_UNINITIALIZED_AUTOS = YES_AGGRESSIVE;
				GCC_WARN_UNUSED_FUNCTION = YES;
				GCC_WARN_UNUSED_VARIABLE = YES;
				IPHONEOS_DEPLOYMENT_TARGET = 11.2;
				MTL_ENABLE_DEBUG_INFO = NO;
				SDKROOT = iphoneos;
				SWIFT_OPTIMIZATION_LEVEL = "-Owholemodule";
				VALIDATE_PRODUCT = YES;
			};
			name = Release;
		};
		CFD109D0204FE06B00C14FC4 /* Debug */ = {
			isa = XCBuildConfiguration;
			baseConfigurationReference = 9048EDCEB62087A00916445A /* Pods-ContentfulAPITest.debug.xcconfig */;
			buildSettings = {
				ASSETCATALOG_COMPILER_APPICON_NAME = AppIcon;
				CODE_SIGN_STYLE = Automatic;
				DEVELOPMENT_TEAM = TVHJ8VSCRK;
				INFOPLIST_FILE = ContentfulAPITest/Info.plist;
				LD_RUNPATH_SEARCH_PATHS = "$(inherited) @executable_path/Frameworks";
				PRODUCT_BUNDLE_IDENTIFIER = com.ytk.ContentfulAPITest;
				PRODUCT_NAME = "$(TARGET_NAME)";
				SWIFT_VERSION = 4.0;
				TARGETED_DEVICE_FAMILY = "1,2";
			};
			name = Debug;
		};
		CFD109D1204FE06B00C14FC4 /* Release */ = {
			isa = XCBuildConfiguration;
			baseConfigurationReference = 9059C621F9C1FD012D01A814 /* Pods-ContentfulAPITest.release.xcconfig */;
			buildSettings = {
				ASSETCATALOG_COMPILER_APPICON_NAME = AppIcon;
				CODE_SIGN_STYLE = Automatic;
				DEVELOPMENT_TEAM = TVHJ8VSCRK;
				INFOPLIST_FILE = ContentfulAPITest/Info.plist;
				LD_RUNPATH_SEARCH_PATHS = "$(inherited) @executable_path/Frameworks";
				PRODUCT_BUNDLE_IDENTIFIER = com.ytk.ContentfulAPITest;
				PRODUCT_NAME = "$(TARGET_NAME)";
				SWIFT_VERSION = 4.0;
				TARGETED_DEVICE_FAMILY = "1,2";
			};
			name = Release;
		};
/* End XCBuildConfiguration section */

/* Begin XCConfigurationList section */
		CFD109B8204FE06B00C14FC4 /* Build configuration list for PBXProject "ContentfulAPITest" */ = {
			isa = XCConfigurationList;
			buildConfigurations = (
				CFD109CD204FE06B00C14FC4 /* Debug */,
				CFD109CE204FE06B00C14FC4 /* Release */,
			);
			defaultConfigurationIsVisible = 0;
			defaultConfigurationName = Release;
		};
		CFD109CF204FE06B00C14FC4 /* Build configuration list for PBXNativeTarget "ContentfulAPITest" */ = {
			isa = XCConfigurationList;
			buildConfigurations = (
				CFD109D0204FE06B00C14FC4 /* Debug */,
				CFD109D1204FE06B00C14FC4 /* Release */,
			);
			defaultConfigurationIsVisible = 0;
			defaultConfigurationName = Release;
		};
/* End XCConfigurationList section */
	};
	rootObject = CFD109B5204FE06B00C14FC4 /* Project object */;
}
